// !$*UTF8*$!
{
	archiveVersion = 1;
	classes = {
	};
	objectVersion = 77;
	objects = {

/* Begin PBXBuildFile section */
		052463792E32A87400536306 /* FirebaseAuth in Frameworks */ = {isa = PBXBuildFile; productRef = 052463782E32A87400536306 /* FirebaseAuth */; };
		0524637B2E32A87400536306 /* FirebaseDatabase in Frameworks */ = {isa = PBXBuildFile; productRef = 0524637A2E32A87400536306 /* FirebaseDatabase */; };
		0524637D2E32A87400536306 /* FirebaseFirestore in Frameworks */ = {isa = PBXBuildFile; productRef = 0524637C2E32A87400536306 /* FirebaseFirestore */; };
		0524637F2E32A87400536306 /* FirebaseFirestoreCombine-Community in Frameworks */ = {isa = PBXBuildFile; productRef = 0524637E2E32A87400536306 /* FirebaseFirestoreCombine-Community */; };
		052463812E32A87400536306 /* FirebaseFunctions in Frameworks */ = {isa = PBXBuildFile; productRef = 052463802E32A87400536306 /* FirebaseFunctions */; };
		052463832E32A87400536306 /* FirebaseStorage in Frameworks */ = {isa = PBXBuildFile; productRef = 052463822E32A87400536306 /* FirebaseStorage */; };
		052463862E32AACA00536306 /* SDWebImageSwiftUI in Frameworks */ = {isa = PBXBuildFile; productRef = 052463852E32AACA00536306 /* SDWebImageSwiftUI */; };
		052463882E32AB5200536306 /* FirebaseAnalytics in Frameworks */ = {isa = PBXBuildFile; productRef = 052463872E32AB5200536306 /* FirebaseAnalytics */; };
		053337E22E4EE06A00F9900D /* FirebaseMessaging in Frameworks */ = {isa = PBXBuildFile; productRef = 053337E12E4EE06A00F9900D /* FirebaseMessaging */; };
/* End PBXBuildFile section */

/* Begin PBXContainerItemProxy section */
		054E900E2E3299D500B27166 /* PBXContainerItemProxy */ = {
			isa = PBXContainerItemProxy;
			containerPortal = 054E8FF42E3299D400B27166 /* Project object */;
			proxyType = 1;
			remoteGlobalIDString = 054E8FFB2E3299D400B27166;
			remoteInfo = RefractiveExchange;
		};
		054E90182E3299D500B27166 /* PBXContainerItemProxy */ = {
			isa = PBXContainerItemProxy;
			containerPortal = 054E8FF42E3299D400B27166 /* Project object */;
			proxyType = 1;
			remoteGlobalIDString = 054E8FFB2E3299D400B27166;
			remoteInfo = RefractiveExchange;
		};
/* End PBXContainerItemProxy section */

/* Begin PBXFileReference section */
		053337DF2E4EDE5E00F9900D /* RefractiveFoundations-Info.plist */ = {isa = PBXFileReference; lastKnownFileType = text.plist; path = "RefractiveFoundations-Info.plist"; sourceTree = "<group>"; };
		054E8FFC2E3299D400B27166 /* RefractiveFoundations.app */ = {isa = PBXFileReference; explicitFileType = wrapper.application; includeInIndex = 0; path = RefractiveFoundations.app; sourceTree = BUILT_PRODUCTS_DIR; };
		054E900D2E3299D500B27166 /* RefractiveFoundationsTests.xctest */ = {isa = PBXFileReference; explicitFileType = wrapper.cfbundle; includeInIndex = 0; path = RefractiveFoundationsTests.xctest; sourceTree = BUILT_PRODUCTS_DIR; };
		054E90172E3299D500B27166 /* RefractiveFoundationsUITests.xctest */ = {isa = PBXFileReference; explicitFileType = wrapper.cfbundle; includeInIndex = 0; path = RefractiveFoundationsUITests.xctest; sourceTree = BUILT_PRODUCTS_DIR; };
/* End PBXFileReference section */

/* Begin PBXFileSystemSynchronizedRootGroup section */
		054E8FFE2E3299D400B27166 /* RefractiveExchange */ = {
			isa = PBXFileSystemSynchronizedRootGroup;
			path = RefractiveExchange;
			sourceTree = "<group>";
		};
		054E90102E3299D500B27166 /* RefractiveExchangeTests */ = {
			isa = PBXFileSystemSynchronizedRootGroup;
			path = RefractiveExchangeTests;
			sourceTree = "<group>";
		};
		054E901A2E3299D500B27166 /* RefractiveExchangeUITests */ = {
			isa = PBXFileSystemSynchronizedRootGroup;
			path = RefractiveExchangeUITests;
			sourceTree = "<group>";
		};
/* End PBXFileSystemSynchronizedRootGroup section */

/* Begin PBXFrameworksBuildPhase section */
		054E8FF92E3299D400B27166 /* Frameworks */ = {
			isa = PBXFrameworksBuildPhase;
			buildActionMask = 2147483647;
			files = (
				053337E22E4EE06A00F9900D /* FirebaseMessaging in Frameworks */,
				052463862E32AACA00536306 /* SDWebImageSwiftUI in Frameworks */,
				0524637B2E32A87400536306 /* FirebaseDatabase in Frameworks */,
				052463882E32AB5200536306 /* FirebaseAnalytics in Frameworks */,
				0524637F2E32A87400536306 /* FirebaseFirestoreCombine-Community in Frameworks */,
				052463812E32A87400536306 /* FirebaseFunctions in Frameworks */,
				052463792E32A87400536306 /* FirebaseAuth in Frameworks */,
				0524637D2E32A87400536306 /* FirebaseFirestore in Frameworks */,
				052463832E32A87400536306 /* FirebaseStorage in Frameworks */,
			);
			runOnlyForDeploymentPostprocessing = 0;
		};
		054E900A2E3299D500B27166 /* Frameworks */ = {
			isa = PBXFrameworksBuildPhase;
			buildActionMask = 2147483647;
			files = (
			);
			runOnlyForDeploymentPostprocessing = 0;
		};
		054E90142E3299D500B27166 /* Frameworks */ = {
			isa = PBXFrameworksBuildPhase;
			buildActionMask = 2147483647;
			files = (
			);
			runOnlyForDeploymentPostprocessing = 0;
		};
/* End PBXFrameworksBuildPhase section */

/* Begin PBXGroup section */
		053337E02E4EE06A00F9900D /* Frameworks */ = {
			isa = PBXGroup;
			children = (
			);
			name = Frameworks;
			sourceTree = "<group>";
		};
		054E8FF32E3299D400B27166 = {
			isa = PBXGroup;
			children = (
				053337DF2E4EDE5E00F9900D /* RefractiveFoundations-Info.plist */,
				054E8FFE2E3299D400B27166 /* RefractiveExchange */,
				054E90102E3299D500B27166 /* RefractiveExchangeTests */,
				054E901A2E3299D500B27166 /* RefractiveExchangeUITests */,
				053337E02E4EE06A00F9900D /* Frameworks */,
				054E8FFD2E3299D400B27166 /* Products */,
			);
			sourceTree = "<group>";
		};
		054E8FFD2E3299D400B27166 /* Products */ = {
			isa = PBXGroup;
			children = (
				054E8FFC2E3299D400B27166 /* RefractiveFoundations.app */,
				054E900D2E3299D500B27166 /* RefractiveFoundationsTests.xctest */,
				054E90172E3299D500B27166 /* RefractiveFoundationsUITests.xctest */,
			);
			name = Products;
			sourceTree = "<group>";
		};
/* End PBXGroup section */

/* Begin PBXNativeTarget section */
		054E8FFB2E3299D400B27166 /* RefractiveFoundations */ = {
			isa = PBXNativeTarget;
			buildConfigurationList = 054E90212E3299D500B27166 /* Build configuration list for PBXNativeTarget "RefractiveFoundations" */;
			buildPhases = (
				054E8FF82E3299D400B27166 /* Sources */,
				054E8FF92E3299D400B27166 /* Frameworks */,
				054E8FFA2E3299D400B27166 /* Resources */,
			);
			buildRules = (
			);
			dependencies = (
			);
			fileSystemSynchronizedGroups = (
				054E8FFE2E3299D400B27166 /* RefractiveExchange */,
			);
			name = RefractiveFoundations;
			packageProductDependencies = (
				052463782E32A87400536306 /* FirebaseAuth */,
				0524637A2E32A87400536306 /* FirebaseDatabase */,
				0524637C2E32A87400536306 /* FirebaseFirestore */,
				0524637E2E32A87400536306 /* FirebaseFirestoreCombine-Community */,
				052463802E32A87400536306 /* FirebaseFunctions */,
				052463822E32A87400536306 /* FirebaseStorage */,
				052463852E32AACA00536306 /* SDWebImageSwiftUI */,
				052463872E32AB5200536306 /* FirebaseAnalytics */,
				053337E12E4EE06A00F9900D /* FirebaseMessaging */,
			);
			productName = RefractiveExchange;
			productReference = 054E8FFC2E3299D400B27166 /* RefractiveFoundations.app */;
			productType = "com.apple.product-type.application";
		};
		054E900C2E3299D500B27166 /* RefractiveFoundationsTests */ = {
			isa = PBXNativeTarget;
			buildConfigurationList = 054E90242E3299D500B27166 /* Build configuration list for PBXNativeTarget "RefractiveFoundationsTests" */;
			buildPhases = (
				054E90092E3299D500B27166 /* Sources */,
				054E900A2E3299D500B27166 /* Frameworks */,
				054E900B2E3299D500B27166 /* Resources */,
			);
			buildRules = (
			);
			dependencies = (
				054E900F2E3299D500B27166 /* PBXTargetDependency */,
			);
			fileSystemSynchronizedGroups = (
				054E90102E3299D500B27166 /* RefractiveExchangeTests */,
			);
			name = RefractiveFoundationsTests;
			packageProductDependencies = (
			);
			productName = RefractiveExchangeTests;
			productReference = 054E900D2E3299D500B27166 /* RefractiveFoundationsTests.xctest */;
			productType = "com.apple.product-type.bundle.unit-test";
		};
		054E90162E3299D500B27166 /* RefractiveFoundationsUITests */ = {
			isa = PBXNativeTarget;
			buildConfigurationList = 054E90272E3299D500B27166 /* Build configuration list for PBXNativeTarget "RefractiveFoundationsUITests" */;
			buildPhases = (
				054E90132E3299D500B27166 /* Sources */,
				054E90142E3299D500B27166 /* Frameworks */,
				054E90152E3299D500B27166 /* Resources */,
			);
			buildRules = (
			);
			dependencies = (
				054E90192E3299D500B27166 /* PBXTargetDependency */,
			);
			fileSystemSynchronizedGroups = (
				054E901A2E3299D500B27166 /* RefractiveExchangeUITests */,
			);
			name = RefractiveFoundationsUITests;
			packageProductDependencies = (
			);
			productName = RefractiveExchangeUITests;
			productReference = 054E90172E3299D500B27166 /* RefractiveFoundationsUITests.xctest */;
			productType = "com.apple.product-type.bundle.ui-testing";
		};
/* End PBXNativeTarget section */

/* Begin PBXProject section */
		054E8FF42E3299D400B27166 /* Project object */ = {
			isa = PBXProject;
			attributes = {
				BuildIndependentTargetsInParallel = 1;
				LastSwiftUpdateCheck = 1620;
				LastUpgradeCheck = 1620;
				TargetAttributes = {
					054E8FFB2E3299D400B27166 = {
						CreatedOnToolsVersion = 16.2;
					};
					054E900C2E3299D500B27166 = {
						CreatedOnToolsVersion = 16.2;
						TestTargetID = 054E8FFB2E3299D400B27166;
					};
					054E90162E3299D500B27166 = {
						CreatedOnToolsVersion = 16.2;
						TestTargetID = 054E8FFB2E3299D400B27166;
					};
				};
			};
			buildConfigurationList = 054E8FF72E3299D400B27166 /* Build configuration list for PBXProject "RefractiveFoundations" */;
			developmentRegion = en;
			hasScannedForEncodings = 0;
			knownRegions = (
				en,
				Base,
			);
			mainGroup = 054E8FF32E3299D400B27166;
			minimizedProjectReferenceProxies = 1;
			packageReferences = (
				05D58CC72E32A65900D9CC4A /* XCRemoteSwiftPackageReference "firebase-ios-sdk" */,
				052463842E32AABD00536306 /* XCRemoteSwiftPackageReference "SDWebImageSwiftUI" */,
			);
			preferredProjectObjectVersion = 77;
			productRefGroup = 054E8FFD2E3299D400B27166 /* Products */;
			projectDirPath = "";
			projectRoot = "";
			targets = (
				054E8FFB2E3299D400B27166 /* RefractiveFoundations */,
				054E900C2E3299D500B27166 /* RefractiveFoundationsTests */,
				054E90162E3299D500B27166 /* RefractiveFoundationsUITests */,
			);
		};
/* End PBXProject section */

/* Begin PBXResourcesBuildPhase section */
		054E8FFA2E3299D400B27166 /* Resources */ = {
			isa = PBXResourcesBuildPhase;
			buildActionMask = 2147483647;
			files = (
			);
			runOnlyForDeploymentPostprocessing = 0;
		};
		054E900B2E3299D500B27166 /* Resources */ = {
			isa = PBXResourcesBuildPhase;
			buildActionMask = 2147483647;
			files = (
			);
			runOnlyForDeploymentPostprocessing = 0;
		};
		054E90152E3299D500B27166 /* Resources */ = {
			isa = PBXResourcesBuildPhase;
			buildActionMask = 2147483647;
			files = (
			);
			runOnlyForDeploymentPostprocessing = 0;
		};
/* End PBXResourcesBuildPhase section */

/* Begin PBXSourcesBuildPhase section */
		054E8FF82E3299D400B27166 /* Sources */ = {
			isa = PBXSourcesBuildPhase;
			buildActionMask = 2147483647;
			files = (
			);
			runOnlyForDeploymentPostprocessing = 0;
		};
		054E90092E3299D500B27166 /* Sources */ = {
			isa = PBXSourcesBuildPhase;
			buildActionMask = 2147483647;
			files = (
			);
			runOnlyForDeploymentPostprocessing = 0;
		};
		054E90132E3299D500B27166 /* Sources */ = {
			isa = PBXSourcesBuildPhase;
			buildActionMask = 2147483647;
			files = (
			);
			runOnlyForDeploymentPostprocessing = 0;
		};
/* End PBXSourcesBuildPhase section */

/* Begin PBXTargetDependency section */
		054E900F2E3299D500B27166 /* PBXTargetDependency */ = {
			isa = PBXTargetDependency;
			target = 054E8FFB2E3299D400B27166 /* RefractiveFoundations */;
			targetProxy = 054E900E2E3299D500B27166 /* PBXContainerItemProxy */;
		};
		054E90192E3299D500B27166 /* PBXTargetDependency */ = {
			isa = PBXTargetDependency;
			target = 054E8FFB2E3299D400B27166 /* RefractiveFoundations */;
			targetProxy = 054E90182E3299D500B27166 /* PBXContainerItemProxy */;
		};
/* End PBXTargetDependency section */

/* Begin XCBuildConfiguration section */
		054E901F2E3299D500B27166 /* Debug */ = {
			isa = XCBuildConfiguration;
			buildSettings = {
				ALWAYS_SEARCH_USER_PATHS = NO;
				ASSETCATALOG_COMPILER_GENERATE_SWIFT_ASSET_SYMBOL_EXTENSIONS = YES;
				CLANG_ANALYZER_NONNULL = YES;
				CLANG_ANALYZER_NUMBER_OBJECT_CONVERSION = YES_AGGRESSIVE;
				CLANG_CXX_LANGUAGE_STANDARD = "gnu++20";
				CLANG_ENABLE_MODULES = YES;
				CLANG_ENABLE_OBJC_ARC = YES;
				CLANG_ENABLE_OBJC_WEAK = YES;
				CLANG_WARN_BLOCK_CAPTURE_AUTORELEASING = YES;
				CLANG_WARN_BOOL_CONVERSION = YES;
				CLANG_WARN_COMMA = YES;
				CLANG_WARN_CONSTANT_CONVERSION = YES;
				CLANG_WARN_DEPRECATED_OBJC_IMPLEMENTATIONS = YES;
				CLANG_WARN_DIRECT_OBJC_ISA_USAGE = YES_ERROR;
				CLANG_WARN_DOCUMENTATION_COMMENTS = YES;
				CLANG_WARN_EMPTY_BODY = YES;
				CLANG_WARN_ENUM_CONVERSION = YES;
				CLANG_WARN_INFINITE_RECURSION = YES;
				CLANG_WARN_INT_CONVERSION = YES;
				CLANG_WARN_NON_LITERAL_NULL_CONVERSION = YES;
				CLANG_WARN_OBJC_IMPLICIT_RETAIN_SELF = YES;
				CLANG_WARN_OBJC_LITERAL_CONVERSION = YES;
				CLANG_WARN_OBJC_ROOT_CLASS = YES_ERROR;
				CLANG_WARN_QUOTED_INCLUDE_IN_FRAMEWORK_HEADER = YES;
				CLANG_WARN_RANGE_LOOP_ANALYSIS = YES;
				CLANG_WARN_STRICT_PROTOTYPES = YES;
				CLANG_WARN_SUSPICIOUS_MOVE = YES;
				CLANG_WARN_UNGUARDED_AVAILABILITY = YES_AGGRESSIVE;
				CLANG_WARN_UNREACHABLE_CODE = YES;
				CLANG_WARN__DUPLICATE_METHOD_MATCH = YES;
				COPY_PHASE_STRIP = NO;
				DEBUG_INFORMATION_FORMAT = dwarf;
				ENABLE_STRICT_OBJC_MSGSEND = YES;
				ENABLE_TESTABILITY = YES;
				ENABLE_USER_SCRIPT_SANDBOXING = YES;
				GCC_C_LANGUAGE_STANDARD = gnu17;
				GCC_DYNAMIC_NO_PIC = NO;
				GCC_NO_COMMON_BLOCKS = YES;
				GCC_OPTIMIZATION_LEVEL = 0;
				GCC_PREPROCESSOR_DEFINITIONS = (
					"DEBUG=1",
					"$(inherited)",
				);
				GCC_WARN_64_TO_32_BIT_CONVERSION = YES;
				GCC_WARN_ABOUT_RETURN_TYPE = YES_ERROR;
				GCC_WARN_UNDECLARED_SELECTOR = YES;
				GCC_WARN_UNINITIALIZED_AUTOS = YES_AGGRESSIVE;
				GCC_WARN_UNUSED_FUNCTION = YES;
				GCC_WARN_UNUSED_VARIABLE = YES;
				LOCALIZATION_PREFERS_STRING_CATALOGS = YES;
				MTL_ENABLE_DEBUG_INFO = INCLUDE_SOURCE;
				MTL_FAST_MATH = YES;
				ONLY_ACTIVE_ARCH = YES;
				SWIFT_ACTIVE_COMPILATION_CONDITIONS = "DEBUG $(inherited)";
				SWIFT_OPTIMIZATION_LEVEL = "-Onone";
			};
			name = Debug;
		};
		054E90202E3299D500B27166 /* Release */ = {
			isa = XCBuildConfiguration;
			buildSettings = {
				ALWAYS_SEARCH_USER_PATHS = NO;
				ASSETCATALOG_COMPILER_GENERATE_SWIFT_ASSET_SYMBOL_EXTENSIONS = YES;
				CLANG_ANALYZER_NONNULL = YES;
				CLANG_ANALYZER_NUMBER_OBJECT_CONVERSION = YES_AGGRESSIVE;
				CLANG_CXX_LANGUAGE_STANDARD = "gnu++20";
				CLANG_ENABLE_MODULES = YES;
				CLANG_ENABLE_OBJC_ARC = YES;
				CLANG_ENABLE_OBJC_WEAK = YES;
				CLANG_WARN_BLOCK_CAPTURE_AUTORELEASING = YES;
				CLANG_WARN_BOOL_CONVERSION = YES;
				CLANG_WARN_COMMA = YES;
				CLANG_WARN_CONSTANT_CONVERSION = YES;
				CLANG_WARN_DEPRECATED_OBJC_IMPLEMENTATIONS = YES;
				CLANG_WARN_DIRECT_OBJC_ISA_USAGE = YES_ERROR;
				CLANG_WARN_DOCUMENTATION_COMMENTS = YES;
				CLANG_WARN_EMPTY_BODY = YES;
				CLANG_WARN_ENUM_CONVERSION = YES;
				CLANG_WARN_INFINITE_RECURSION = YES;
				CLANG_WARN_INT_CONVERSION = YES;
				CLANG_WARN_NON_LITERAL_NULL_CONVERSION = YES;
				CLANG_WARN_OBJC_IMPLICIT_RETAIN_SELF = YES;
				CLANG_WARN_OBJC_LITERAL_CONVERSION = YES;
				CLANG_WARN_OBJC_ROOT_CLASS = YES_ERROR;
				CLANG_WARN_QUOTED_INCLUDE_IN_FRAMEWORK_HEADER = YES;
				CLANG_WARN_RANGE_LOOP_ANALYSIS = YES;
				CLANG_WARN_STRICT_PROTOTYPES = YES;
				CLANG_WARN_SUSPICIOUS_MOVE = YES;
				CLANG_WARN_UNGUARDED_AVAILABILITY = YES_AGGRESSIVE;
				CLANG_WARN_UNREACHABLE_CODE = YES;
				CLANG_WARN__DUPLICATE_METHOD_MATCH = YES;
				COPY_PHASE_STRIP = NO;
				DEBUG_INFORMATION_FORMAT = "dwarf-with-dsym";
				ENABLE_NS_ASSERTIONS = NO;
				ENABLE_STRICT_OBJC_MSGSEND = YES;
				ENABLE_USER_SCRIPT_SANDBOXING = YES;
				GCC_C_LANGUAGE_STANDARD = gnu17;
				GCC_NO_COMMON_BLOCKS = YES;
				GCC_WARN_64_TO_32_BIT_CONVERSION = YES;
				GCC_WARN_ABOUT_RETURN_TYPE = YES_ERROR;
				GCC_WARN_UNDECLARED_SELECTOR = YES;
				GCC_WARN_UNINITIALIZED_AUTOS = YES_AGGRESSIVE;
				GCC_WARN_UNUSED_FUNCTION = YES;
				GCC_WARN_UNUSED_VARIABLE = YES;
				LOCALIZATION_PREFERS_STRING_CATALOGS = YES;
				MTL_ENABLE_DEBUG_INFO = NO;
				MTL_FAST_MATH = YES;
				SWIFT_COMPILATION_MODE = wholemodule;
			};
			name = Release;
		};
		054E90222E3299D500B27166 /* Debug */ = {
			isa = XCBuildConfiguration;
			buildSettings = {
				ASSETCATALOG_COMPILER_APPICON_NAME = AppIcon;
				ASSETCATALOG_COMPILER_GLOBAL_ACCENT_COLOR_NAME = AccentColor;
				CODE_SIGN_ENTITLEMENTS = RefractiveExchange/RefractiveExchange.entitlements;
				CODE_SIGN_STYLE = Automatic;
				CURRENT_PROJECT_VERSION = 1;
				DEVELOPMENT_ASSET_PATHS = "\"RefractiveExchange/Preview Content\"";
				DEVELOPMENT_TEAM = FQ6986D9HS;
				ENABLE_HARDENED_RUNTIME = YES;
				ENABLE_PREVIEWS = YES;
				GENERATE_INFOPLIST_FILE = YES;
				INFOPLIST_FILE = "RefractiveFoundations-Info.plist";
				INFOPLIST_KEY_CFBundleDisplayName = "Refractive Foundations";
				INFOPLIST_KEY_LSApplicationCategoryType = "public.app-category.medical";
				"INFOPLIST_KEY_UIApplicationSceneManifest_Generation[sdk=iphoneos*]" = YES;
				"INFOPLIST_KEY_UIApplicationSceneManifest_Generation[sdk=iphonesimulator*]" = YES;
				"INFOPLIST_KEY_UIApplicationSupportsIndirectInputEvents[sdk=iphoneos*]" = YES;
				"INFOPLIST_KEY_UIApplicationSupportsIndirectInputEvents[sdk=iphonesimulator*]" = YES;
				"INFOPLIST_KEY_UILaunchScreen_Generation[sdk=iphoneos*]" = YES;
				"INFOPLIST_KEY_UILaunchScreen_Generation[sdk=iphonesimulator*]" = YES;
				"INFOPLIST_KEY_UIStatusBarStyle[sdk=iphoneos*]" = UIStatusBarStyleDefault;
				"INFOPLIST_KEY_UIStatusBarStyle[sdk=iphonesimulator*]" = UIStatusBarStyleDefault;
				INFOPLIST_KEY_UISupportedInterfaceOrientations = "UIInterfaceOrientationLandscapeLeft UIInterfaceOrientationLandscapeRight UIInterfaceOrientationPortrait";
				INFOPLIST_KEY_UISupportedInterfaceOrientations_iPad = "UIInterfaceOrientationLandscapeLeft UIInterfaceOrientationLandscapeRight UIInterfaceOrientationPortrait UIInterfaceOrientationPortraitUpsideDown";
				IPHONEOS_DEPLOYMENT_TARGET = 16.6;
				LD_RUNPATH_SEARCH_PATHS = "@executable_path/Frameworks";
				"LD_RUNPATH_SEARCH_PATHS[sdk=macosx*]" = "@executable_path/../Frameworks";
				MACOSX_DEPLOYMENT_TARGET = 15.2;
				MARKETING_VERSION = 1.1.7;
				PRODUCT_BUNDLE_IDENTIFIER = com.refractivefoundations.RefractiveFoundations;
				PRODUCT_NAME = "$(TARGET_NAME)";
				SDKROOT = auto;
				SUPPORTED_PLATFORMS = "iphoneos iphonesimulator macosx xros xrsimulator";
				SWIFT_EMIT_LOC_STRINGS = YES;
				SWIFT_VERSION = 5.0;
				TARGETED_DEVICE_FAMILY = "1,2,7";
				XROS_DEPLOYMENT_TARGET = 2.2;
			};
			name = Debug;
		};
		054E90232E3299D500B27166 /* Release */ = {
			isa = XCBuildConfiguration;
			buildSettings = {
				ASSETCATALOG_COMPILER_APPICON_NAME = AppIcon;
				ASSETCATALOG_COMPILER_GLOBAL_ACCENT_COLOR_NAME = AccentColor;
				CODE_SIGN_ENTITLEMENTS = RefractiveExchange/RefractiveExchange.entitlements;
				CODE_SIGN_STYLE = Automatic;
				CURRENT_PROJECT_VERSION = 1;
				DEVELOPMENT_ASSET_PATHS = "\"RefractiveExchange/Preview Content\"";
				DEVELOPMENT_TEAM = FQ6986D9HS;
				ENABLE_HARDENED_RUNTIME = YES;
				ENABLE_PREVIEWS = YES;
				GENERATE_INFOPLIST_FILE = YES;
				INFOPLIST_FILE = "RefractiveFoundations-Info.plist";
				INFOPLIST_KEY_CFBundleDisplayName = "Refractive Foundations";
				INFOPLIST_KEY_LSApplicationCategoryType = "public.app-category.medical";
				"INFOPLIST_KEY_UIApplicationSceneManifest_Generation[sdk=iphoneos*]" = YES;
				"INFOPLIST_KEY_UIApplicationSceneManifest_Generation[sdk=iphonesimulator*]" = YES;
				"INFOPLIST_KEY_UIApplicationSupportsIndirectInputEvents[sdk=iphoneos*]" = YES;
				"INFOPLIST_KEY_UIApplicationSupportsIndirectInputEvents[sdk=iphonesimulator*]" = YES;
				"INFOPLIST_KEY_UILaunchScreen_Generation[sdk=iphoneos*]" = YES;
				"INFOPLIST_KEY_UILaunchScreen_Generation[sdk=iphonesimulator*]" = YES;
				"INFOPLIST_KEY_UIStatusBarStyle[sdk=iphoneos*]" = UIStatusBarStyleDefault;
				"INFOPLIST_KEY_UIStatusBarStyle[sdk=iphonesimulator*]" = UIStatusBarStyleDefault;
				INFOPLIST_KEY_UISupportedInterfaceOrientations = "UIInterfaceOrientationLandscapeLeft UIInterfaceOrientationLandscapeRight UIInterfaceOrientationPortrait";
				INFOPLIST_KEY_UISupportedInterfaceOrientations_iPad = "UIInterfaceOrientationLandscapeLeft UIInterfaceOrientationLandscapeRight UIInterfaceOrientationPortrait UIInterfaceOrientationPortraitUpsideDown";
				IPHONEOS_DEPLOYMENT_TARGET = 16.6;
				LD_RUNPATH_SEARCH_PATHS = "@executable_path/Frameworks";
				"LD_RUNPATH_SEARCH_PATHS[sdk=macosx*]" = "@executable_path/../Frameworks";
				MACOSX_DEPLOYMENT_TARGET = 15.2;
				MARKETING_VERSION = 1.1.7;
				PRODUCT_BUNDLE_IDENTIFIER = com.refractivefoundations.RefractiveFoundations;
				PRODUCT_NAME = "$(TARGET_NAME)";
				SDKROOT = auto;
				SUPPORTED_PLATFORMS = "iphoneos iphonesimulator macosx xros xrsimulator";
				SWIFT_EMIT_LOC_STRINGS = YES;
				SWIFT_VERSION = 5.0;
				TARGETED_DEVICE_FAMILY = "1,2,7";
				XROS_DEPLOYMENT_TARGET = 2.2;
			};
			name = Release;
		};
		054E90252E3299D500B27166 /* Debug */ = {
			isa = XCBuildConfiguration;
			buildSettings = {
				BUNDLE_LOADER = "$(TEST_HOST)";
				CODE_SIGN_STYLE = Automatic;
				CURRENT_PROJECT_VERSION = 1;
				DEVELOPMENT_TEAM = FQ6986D9HS;
				GENERATE_INFOPLIST_FILE = YES;
				IPHONEOS_DEPLOYMENT_TARGET = 18.2;
				MACOSX_DEPLOYMENT_TARGET = 15.2;
				MARKETING_VERSION = 1.0;
				PRODUCT_BUNDLE_IDENTIFIER = com.refractivefoundations.RefractiveExchangeTests;
				PRODUCT_NAME = "$(TARGET_NAME)";
				SDKROOT = auto;
				SUPPORTED_PLATFORMS = "iphoneos iphonesimulator macosx xros xrsimulator";
				SWIFT_EMIT_LOC_STRINGS = NO;
				SWIFT_VERSION = 5.0;
				TARGETED_DEVICE_FAMILY = "1,2,7";
				TEST_HOST = "$(BUILT_PRODUCTS_DIR)/RefractiveFoundations.app/$(BUNDLE_EXECUTABLE_FOLDER_PATH)/RefractiveFoundations";
				XROS_DEPLOYMENT_TARGET = 2.2;
			};
			name = Debug;
		};
		054E90262E3299D500B27166 /* Release */ = {
			isa = XCBuildConfiguration;
			buildSettings = {
				BUNDLE_LOADER = "$(TEST_HOST)";
				CODE_SIGN_STYLE = Automatic;
				CURRENT_PROJECT_VERSION = 1;
				DEVELOPMENT_TEAM = FQ6986D9HS;
				GENERATE_INFOPLIST_FILE = YES;
				IPHONEOS_DEPLOYMENT_TARGET = 18.2;
				MACOSX_DEPLOYMENT_TARGET = 15.2;
				MARKETING_VERSION = 1.0;
				PRODUCT_BUNDLE_IDENTIFIER = com.refractivefoundations.RefractiveExchangeTests;
				PRODUCT_NAME = "$(TARGET_NAME)";
				SDKROOT = auto;
				SUPPORTED_PLATFORMS = "iphoneos iphonesimulator macosx xros xrsimulator";
				SWIFT_EMIT_LOC_STRINGS = NO;
				SWIFT_VERSION = 5.0;
				TARGETED_DEVICE_FAMILY = "1,2,7";
				TEST_HOST = "$(BUILT_PRODUCTS_DIR)/RefractiveFoundations.app/$(BUNDLE_EXECUTABLE_FOLDER_PATH)/RefractiveFoundations";
				XROS_DEPLOYMENT_TARGET = 2.2;
			};
			name = Release;
		};
		054E90282E3299D500B27166 /* Debug */ = {
			isa = XCBuildConfiguration;
			buildSettings = {
				CODE_SIGN_STYLE = Automatic;
				CURRENT_PROJECT_VERSION = 1;
				DEVELOPMENT_TEAM = FQ6986D9HS;
				GENERATE_INFOPLIST_FILE = YES;
				IPHONEOS_DEPLOYMENT_TARGET = 18.2;
				MACOSX_DEPLOYMENT_TARGET = 15.2;
				MARKETING_VERSION = 1.0;
				PRODUCT_BUNDLE_IDENTIFIER = com.refractivefoundations.RefractiveExchangeUITests;
				PRODUCT_NAME = "$(TARGET_NAME)";
				SDKROOT = auto;
				SUPPORTED_PLATFORMS = "iphoneos iphonesimulator macosx xros xrsimulator";
				SWIFT_EMIT_LOC_STRINGS = NO;
				SWIFT_VERSION = 5.0;
				TARGETED_DEVICE_FAMILY = "1,2,7";
				TEST_TARGET_NAME = RefractiveExchange;
				XROS_DEPLOYMENT_TARGET = 2.2;
			};
			name = Debug;
		};
		054E90292E3299D500B27166 /* Release */ = {
			isa = XCBuildConfiguration;
			buildSettings = {
				CODE_SIGN_STYLE = Automatic;
				CURRENT_PROJECT_VERSION = 1;
				DEVELOPMENT_TEAM = FQ6986D9HS;
				GENERATE_INFOPLIST_FILE = YES;
				IPHONEOS_DEPLOYMENT_TARGET = 18.2;
				MACOSX_DEPLOYMENT_TARGET = 15.2;
				MARKETING_VERSION = 1.0;
				PRODUCT_BUNDLE_IDENTIFIER = com.refractivefoundations.RefractiveExchangeUITests;
				PRODUCT_NAME = "$(TARGET_NAME)";
				SDKROOT = auto;
				SUPPORTED_PLATFORMS = "iphoneos iphonesimulator macosx xros xrsimulator";
				SWIFT_EMIT_LOC_STRINGS = NO;
				SWIFT_VERSION = 5.0;
				TARGETED_DEVICE_FAMILY = "1,2,7";
				TEST_TARGET_NAME = RefractiveExchange;
				XROS_DEPLOYMENT_TARGET = 2.2;
			};
			name = Release;
		};
/* End XCBuildConfiguration section */

/* Begin XCConfigurationList section */
		054E8FF72E3299D400B27166 /* Build configuration list for PBXProject "RefractiveFoundations" */ = {
			isa = XCConfigurationList;
			buildConfigurations = (
				054E901F2E3299D500B27166 /* Debug */,
				054E90202E3299D500B27166 /* Release */,
			);
			defaultConfigurationIsVisible = 0;
			defaultConfigurationName = Release;
		};
		054E90212E3299D500B27166 /* Build configuration list for PBXNativeTarget "RefractiveFoundations" */ = {
			isa = XCConfigurationList;
			buildConfigurations = (
				054E90222E3299D500B27166 /* Debug */,
				054E90232E3299D500B27166 /* Release */,
			);
			defaultConfigurationIsVisible = 0;
			defaultConfigurationName = Release;
		};
		054E90242E3299D500B27166 /* Build configuration list for PBXNativeTarget "RefractiveFoundationsTests" */ = {
			isa = XCConfigurationList;
			buildConfigurations = (
				054E90252E3299D500B27166 /* Debug */,
				054E90262E3299D500B27166 /* Release */,
			);
			defaultConfigurationIsVisible = 0;
			defaultConfigurationName = Release;
		};
		054E90272E3299D500B27166 /* Build configuration list for PBXNativeTarget "RefractiveFoundationsUITests" */ = {
			isa = XCConfigurationList;
			buildConfigurations = (
				054E90282E3299D500B27166 /* Debug */,
				054E90292E3299D500B27166 /* Release */,
			);
			defaultConfigurationIsVisible = 0;
			defaultConfigurationName = Release;
		};
/* End XCConfigurationList section */

/* Begin XCRemoteSwiftPackageReference section */
		052463842E32AABD00536306 /* XCRemoteSwiftPackageReference "SDWebImageSwiftUI" */ = {
			isa = XCRemoteSwiftPackageReference;
			repositoryURL = "https://github.com/SDWebImage/SDWebImageSwiftUI.git";
			requirement = {
				kind = upToNextMajorVersion;
				minimumVersion = 3.1.3;
			};
		};
		05D58CC72E32A65900D9CC4A /* XCRemoteSwiftPackageReference "firebase-ios-sdk" */ = {
			isa = XCRemoteSwiftPackageReference;
			repositoryURL = "https://github.com/firebase/firebase-ios-sdk";
			requirement = {
				kind = upToNextMajorVersion;
				minimumVersion = 12.0.0;
			};
		};
/* End XCRemoteSwiftPackageReference section */

/* Begin XCSwiftPackageProductDependency section */
		052463782E32A87400536306 /* FirebaseAuth */ = {
			isa = XCSwiftPackageProductDependency;
			package = 05D58CC72E32A65900D9CC4A /* XCRemoteSwiftPackageReference "firebase-ios-sdk" */;
			productName = FirebaseAuth;
		};
		0524637A2E32A87400536306 /* FirebaseDatabase */ = {
			isa = XCSwiftPackageProductDependency;
			package = 05D58CC72E32A65900D9CC4A /* XCRemoteSwiftPackageReference "firebase-ios-sdk" */;
			productName = FirebaseDatabase;
		};
		0524637C2E32A87400536306 /* FirebaseFirestore */ = {
			isa = XCSwiftPackageProductDependency;
			package = 05D58CC72E32A65900D9CC4A /* XCRemoteSwiftPackageReference "firebase-ios-sdk" */;
			productName = FirebaseFirestore;
		};
		0524637E2E32A87400536306 /* FirebaseFirestoreCombine-Community */ = {
			isa = XCSwiftPackageProductDependency;
			package = 05D58CC72E32A65900D9CC4A /* XCRemoteSwiftPackageReference "firebase-ios-sdk" */;
			productName = "FirebaseFirestoreCombine-Community";
		};
		052463802E32A87400536306 /* FirebaseFunctions */ = {
			isa = XCSwiftPackageProductDependency;
			package = 05D58CC72E32A65900D9CC4A /* XCRemoteSwiftPackageReference "firebase-ios-sdk" */;
			productName = FirebaseFunctions;
		};
		052463822E32A87400536306 /* FirebaseStorage */ = {
			isa = XCSwiftPackageProductDependency;
			package = 05D58CC72E32A65900D9CC4A /* XCRemoteSwiftPackageReference "firebase-ios-sdk" */;
			productName = FirebaseStorage;
		};
		052463852E32AACA00536306 /* SDWebImageSwiftUI */ = {
			isa = XCSwiftPackageProductDependency;
			package = 052463842E32AABD00536306 /* XCRemoteSwiftPackageReference "SDWebImageSwiftUI" */;
			productName = SDWebImageSwiftUI;
		};
		052463872E32AB5200536306 /* FirebaseAnalytics */ = {
			isa = XCSwiftPackageProductDependency;
			package = 05D58CC72E32A65900D9CC4A /* XCRemoteSwiftPackageReference "firebase-ios-sdk" */;
			productName = FirebaseAnalytics;
		};
		053337E12E4EE06A00F9900D /* FirebaseMessaging */ = {
			isa = XCSwiftPackageProductDependency;
			package = 05D58CC72E32A65900D9CC4A /* XCRemoteSwiftPackageReference "firebase-ios-sdk" */;
			productName = FirebaseMessaging;
		};
/* End XCSwiftPackageProductDependency section */
	};
	rootObject = 054E8FF42E3299D400B27166 /* Project object */;
}
